// !$*UTF8*$!
{
	archiveVersion = 1;
	classes = {
	};
	objectVersion = 51;
	objects = {

/* Begin PBXBuildFile section */
		223E78AF851DD85362AAC1A0 /* Pods_flixterTests.framework in Frameworks */ = {isa = PBXBuildFile; fileRef = E1DAF831C9DA18588E938808 /* Pods_flixterTests.framework */; };
		A3B108C65334E497CD8498F6 /* Pods_flixter_flixterUITests.framework in Frameworks */ = {isa = PBXBuildFile; fileRef = F08F56FAED58C69F883FA207 /* Pods_flixter_flixterUITests.framework */; };
		BE85020623DFE960006319E3 /* MoviesViewController.swift in Sources */ = {isa = PBXBuildFile; fileRef = BE85020523DFE960006319E3 /* MoviesViewController.swift */; };
		BE8E5F3423E0DD8F00EBE76A /* MovieCellTwo.swift in Sources */ = {isa = PBXBuildFile; fileRef = BE8E5F3323E0DD8F00EBE76A /* MovieCellTwo.swift */; };
		BEA167E623DF8FD40093E817 /* MovieCell.swift in Sources */ = {isa = PBXBuildFile; fileRef = BEA167E523DF8FD40093E817 /* MovieCell.swift */; };
		BEBFD73523D7A12E00783002 /* AppDelegate.swift in Sources */ = {isa = PBXBuildFile; fileRef = BEBFD73423D7A12E00783002 /* AppDelegate.swift */; };
		BEBFD73723D7A12E00783002 /* SceneDelegate.swift in Sources */ = {isa = PBXBuildFile; fileRef = BEBFD73623D7A12E00783002 /* SceneDelegate.swift */; };
		BEBFD73C23D7A12E00783002 /* Main.storyboard in Resources */ = {isa = PBXBuildFile; fileRef = BEBFD73A23D7A12E00783002 /* Main.storyboard */; };
		BEBFD73E23D7A13100783002 /* Assets.xcassets in Resources */ = {isa = PBXBuildFile; fileRef = BEBFD73D23D7A13100783002 /* Assets.xcassets */; };
		BEBFD74123D7A13100783002 /* LaunchScreen.storyboard in Resources */ = {isa = PBXBuildFile; fileRef = BEBFD73F23D7A13100783002 /* LaunchScreen.storyboard */; };
		BEBFD74C23D7A13100783002 /* flixterTests.swift in Sources */ = {isa = PBXBuildFile; fileRef = BEBFD74B23D7A13100783002 /* flixterTests.swift */; };
		BEBFD75723D7A13100783002 /* flixterUITests.swift in Sources */ = {isa = PBXBuildFile; fileRef = BEBFD75623D7A13100783002 /* flixterUITests.swift */; };
		C9EFAC573C852876B36F11AB /* Pods_flixter.framework in Frameworks */ = {isa = PBXBuildFile; fileRef = 41D147DCFD993836DCB11E85 /* Pods_flixter.framework */; };
/* End PBXBuildFile section */

/* Begin PBXContainerItemProxy section */
		BEBFD74823D7A13100783002 /* PBXContainerItemProxy */ = {
			isa = PBXContainerItemProxy;
			containerPortal = BEBFD72923D7A12E00783002 /* Project object */;
			proxyType = 1;
			remoteGlobalIDString = BEBFD73023D7A12E00783002;
			remoteInfo = flixter;
		};
		BEBFD75323D7A13100783002 /* PBXContainerItemProxy */ = {
			isa = PBXContainerItemProxy;
			containerPortal = BEBFD72923D7A12E00783002 /* Project object */;
			proxyType = 1;
			remoteGlobalIDString = BEBFD73023D7A12E00783002;
			remoteInfo = flixter;
		};
/* End PBXContainerItemProxy section */

/* Begin PBXFileReference section */
		01BE96AD0726E0CE1CDFA68B /* Pods-flixter-flixterUITests.debug.xcconfig */ = {isa = PBXFileReference; includeInIndex = 1; lastKnownFileType = text.xcconfig; name = "Pods-flixter-flixterUITests.debug.xcconfig"; path = "Target Support Files/Pods-flixter-flixterUITests/Pods-flixter-flixterUITests.debug.xcconfig"; sourceTree = "<group>"; };
		084AEFC76B8A33BD88221D5D /* Pods-flixterTests.release.xcconfig */ = {isa = PBXFileReference; includeInIndex = 1; lastKnownFileType = text.xcconfig; name = "Pods-flixterTests.release.xcconfig"; path = "Target Support Files/Pods-flixterTests/Pods-flixterTests.release.xcconfig"; sourceTree = "<group>"; };
		2E61550D398D81568A5C273B /* Pods-flixterTests.debug.xcconfig */ = {isa = PBXFileReference; includeInIndex = 1; lastKnownFileType = text.xcconfig; name = "Pods-flixterTests.debug.xcconfig"; path = "Target Support Files/Pods-flixterTests/Pods-flixterTests.debug.xcconfig"; sourceTree = "<group>"; };
		3839CB58BFFE4A6BD3301DAE /* Pods-flixter.release.xcconfig */ = {isa = PBXFileReference; includeInIndex = 1; lastKnownFileType = text.xcconfig; name = "Pods-flixter.release.xcconfig"; path = "Target Support Files/Pods-flixter/Pods-flixter.release.xcconfig"; sourceTree = "<group>"; };
		3CDBECA35C663555226FFDA4 /* Pods-flixter-flixterUITests.release.xcconfig */ = {isa = PBXFileReference; includeInIndex = 1; lastKnownFileType = text.xcconfig; name = "Pods-flixter-flixterUITests.release.xcconfig"; path = "Target Support Files/Pods-flixter-flixterUITests/Pods-flixter-flixterUITests.release.xcconfig"; sourceTree = "<group>"; };
		41D147DCFD993836DCB11E85 /* Pods_flixter.framework */ = {isa = PBXFileReference; explicitFileType = wrapper.framework; includeInIndex = 0; path = Pods_flixter.framework; sourceTree = BUILT_PRODUCTS_DIR; };
		A72A885D585A3208CFF80DA9 /* Pods-flixter.debug.xcconfig */ = {isa = PBXFileReference; includeInIndex = 1; lastKnownFileType = text.xcconfig; name = "Pods-flixter.debug.xcconfig"; path = "Target Support Files/Pods-flixter/Pods-flixter.debug.xcconfig"; sourceTree = "<group>"; };
		BE85020523DFE960006319E3 /* MoviesViewController.swift */ = {isa = PBXFileReference; fileEncoding = 4; lastKnownFileType = sourcecode.swift; path = MoviesViewController.swift; sourceTree = "<group>"; };
		BE8E5F3323E0DD8F00EBE76A /* MovieCellTwo.swift */ = {isa = PBXFileReference; lastKnownFileType = sourcecode.swift; path = MovieCellTwo.swift; sourceTree = "<group>"; };
		BEA167E523DF8FD40093E817 /* MovieCell.swift */ = {isa = PBXFileReference; lastKnownFileType = sourcecode.swift; path = MovieCell.swift; sourceTree = "<group>"; };
		BEBFD73123D7A12E00783002 /* flixter.app */ = {isa = PBXFileReference; explicitFileType = wrapper.application; includeInIndex = 0; path = flixter.app; sourceTree = BUILT_PRODUCTS_DIR; };
		BEBFD73423D7A12E00783002 /* AppDelegate.swift */ = {isa = PBXFileReference; lastKnownFileType = sourcecode.swift; path = AppDelegate.swift; sourceTree = "<group>"; };
		BEBFD73623D7A12E00783002 /* SceneDelegate.swift */ = {isa = PBXFileReference; lastKnownFileType = sourcecode.swift; path = SceneDelegate.swift; sourceTree = "<group>"; };
		BEBFD73B23D7A12E00783002 /* Base */ = {isa = PBXFileReference; lastKnownFileType = file.storyboard; name = Base; path = Base.lproj/Main.storyboard; sourceTree = "<group>"; };
		BEBFD73D23D7A13100783002 /* Assets.xcassets */ = {isa = PBXFileReference; lastKnownFileType = folder.assetcatalog; path = Assets.xcassets; sourceTree = "<group>"; };
		BEBFD74023D7A13100783002 /* Base */ = {isa = PBXFileReference; lastKnownFileType = file.storyboard; name = Base; path = Base.lproj/LaunchScreen.storyboard; sourceTree = "<group>"; };
		BEBFD74223D7A13100783002 /* Info.plist */ = {isa = PBXFileReference; lastKnownFileType = text.plist.xml; path = Info.plist; sourceTree = "<group>"; };
		BEBFD74723D7A13100783002 /* flixterTests.xctest */ = {isa = PBXFileReference; explicitFileType = wrapper.cfbundle; includeInIndex = 0; path = flixterTests.xctest; sourceTree = BUILT_PRODUCTS_DIR; };
		BEBFD74B23D7A13100783002 /* flixterTests.swift */ = {isa = PBXFileReference; lastKnownFileType = sourcecode.swift; path = flixterTests.swift; sourceTree = "<group>"; };
		BEBFD74D23D7A13100783002 /* Info.plist */ = {isa = PBXFileReference; lastKnownFileType = text.plist.xml; path = Info.plist; sourceTree = "<group>"; };
		BEBFD75223D7A13100783002 /* flixterUITests.xctest */ = {isa = PBXFileReference; explicitFileType = wrapper.cfbundle; includeInIndex = 0; path = flixterUITests.xctest; sourceTree = BUILT_PRODUCTS_DIR; };
		BEBFD75623D7A13100783002 /* flixterUITests.swift */ = {isa = PBXFileReference; lastKnownFileType = sourcecode.swift; path = flixterUITests.swift; sourceTree = "<group>"; };
		BEBFD75823D7A13100783002 /* Info.plist */ = {isa = PBXFileReference; lastKnownFileType = text.plist.xml; path = Info.plist; sourceTree = "<group>"; };
		E1DAF831C9DA18588E938808 /* Pods_flixterTests.framework */ = {isa = PBXFileReference; explicitFileType = wrapper.framework; includeInIndex = 0; path = Pods_flixterTests.framework; sourceTree = BUILT_PRODUCTS_DIR; };
		F08F56FAED58C69F883FA207 /* Pods_flixter_flixterUITests.framework */ = {isa = PBXFileReference; explicitFileType = wrapper.framework; includeInIndex = 0; path = Pods_flixter_flixterUITests.framework; sourceTree = BUILT_PRODUCTS_DIR; };
/* End PBXFileReference section */

/* Begin PBXFrameworksBuildPhase section */
		BEBFD72E23D7A12E00783002 /* Frameworks */ = {
			isa = PBXFrameworksBuildPhase;
			buildActionMask = 2147483647;
			files = (
				C9EFAC573C852876B36F11AB /* Pods_flixter.framework in Frameworks */,
			);
			runOnlyForDeploymentPostprocessing = 0;
		};
		BEBFD74423D7A13100783002 /* Frameworks */ = {
			isa = PBXFrameworksBuildPhase;
			buildActionMask = 2147483647;
			files = (
				223E78AF851DD85362AAC1A0 /* Pods_flixterTests.framework in Frameworks */,
			);
			runOnlyForDeploymentPostprocessing = 0;
		};
		BEBFD74F23D7A13100783002 /* Frameworks */ = {
			isa = PBXFrameworksBuildPhase;
			buildActionMask = 2147483647;
			files = (
				A3B108C65334E497CD8498F6 /* Pods_flixter_flixterUITests.framework in Frameworks */,
			);
			runOnlyForDeploymentPostprocessing = 0;
		};
/* End PBXFrameworksBuildPhase section */

/* Begin PBXGroup section */
		5D425FA5AEDDF049A35960B9 /* Pods */ = {
			isa = PBXGroup;
			children = (
				A72A885D585A3208CFF80DA9 /* Pods-flixter.debug.xcconfig */,
				3839CB58BFFE4A6BD3301DAE /* Pods-flixter.release.xcconfig */,
				01BE96AD0726E0CE1CDFA68B /* Pods-flixter-flixterUITests.debug.xcconfig */,
				3CDBECA35C663555226FFDA4 /* Pods-flixter-flixterUITests.release.xcconfig */,
				2E61550D398D81568A5C273B /* Pods-flixterTests.debug.xcconfig */,
				084AEFC76B8A33BD88221D5D /* Pods-flixterTests.release.xcconfig */,
			);
			path = Pods;
			sourceTree = "<group>";
		};
		729FD2B593D5E5F064062FB2 /* Frameworks */ = {
			isa = PBXGroup;
			children = (
				41D147DCFD993836DCB11E85 /* Pods_flixter.framework */,
				F08F56FAED58C69F883FA207 /* Pods_flixter_flixterUITests.framework */,
				E1DAF831C9DA18588E938808 /* Pods_flixterTests.framework */,
			);
			name = Frameworks;
			sourceTree = "<group>";
		};
		BEBFD72823D7A12E00783002 = {
			isa = PBXGroup;
			children = (
				BEBFD73323D7A12E00783002 /* flixter */,
				BEBFD74A23D7A13100783002 /* flixterTests */,
				BEBFD75523D7A13100783002 /* flixterUITests */,
				BEBFD73223D7A12E00783002 /* Products */,
				5D425FA5AEDDF049A35960B9 /* Pods */,
				729FD2B593D5E5F064062FB2 /* Frameworks */,
				BEDD75F623E0D90D00EBEFD4 /* Recovered References */,
			);
			sourceTree = "<group>";
		};
		BEBFD73223D7A12E00783002 /* Products */ = {
			isa = PBXGroup;
			children = (
				BEBFD73123D7A12E00783002 /* flixter.app */,
				BEBFD74723D7A13100783002 /* flixterTests.xctest */,
				BEBFD75223D7A13100783002 /* flixterUITests.xctest */,
			);
			name = Products;
			sourceTree = "<group>";
		};
		BEBFD73323D7A12E00783002 /* flixter */ = {
			isa = PBXGroup;
			children = (
				BE85020523DFE960006319E3 /* MoviesViewController.swift */,
				BEBFD73423D7A12E00783002 /* AppDelegate.swift */,
				BEBFD73623D7A12E00783002 /* SceneDelegate.swift */,
				BEBFD73A23D7A12E00783002 /* Main.storyboard */,
				BEBFD73D23D7A13100783002 /* Assets.xcassets */,
				BEBFD73F23D7A13100783002 /* LaunchScreen.storyboard */,
				BEBFD74223D7A13100783002 /* Info.plist */,
				BE8E5F3323E0DD8F00EBE76A /* MovieCellTwo.swift */,
			);
			path = flixter;
			sourceTree = "<group>";
		};
		BEBFD74A23D7A13100783002 /* flixterTests */ = {
			isa = PBXGroup;
			children = (
				BEBFD74B23D7A13100783002 /* flixterTests.swift */,
				BEBFD74D23D7A13100783002 /* Info.plist */,
			);
			path = flixterTests;
			sourceTree = "<group>";
		};
		BEBFD75523D7A13100783002 /* flixterUITests */ = {
			isa = PBXGroup;
			children = (
				BEBFD75623D7A13100783002 /* flixterUITests.swift */,
				BEBFD75823D7A13100783002 /* Info.plist */,
			);
			path = flixterUITests;
			sourceTree = "<group>";
		};
		BEDD75F623E0D90D00EBEFD4 /* Recovered References */ = {
			isa = PBXGroup;
			children = (
				BEA167E523DF8FD40093E817 /* MovieCell.swift */,
			);
			name = "Recovered References";
			sourceTree = "<group>";
		};
/* End PBXGroup section */

/* Begin PBXNativeTarget section */
		BEBFD73023D7A12E00783002 /* flixter */ = {
			isa = PBXNativeTarget;
			buildConfigurationList = BEBFD75B23D7A13100783002 /* Build configuration list for PBXNativeTarget "flixter" */;
			buildPhases = (
				6AC71AA16347D4E51B1AEEAC /* [CP] Check Pods Manifest.lock */,
				BEBFD72D23D7A12E00783002 /* Sources */,
				BEBFD72E23D7A12E00783002 /* Frameworks */,
				BEBFD72F23D7A12E00783002 /* Resources */,
				DF2A9AC4C7CB6ABAD633FADE /* [CP] Embed Pods Frameworks */,
			);
			buildRules = (
			);
			dependencies = (
			);
			name = flixter;
			productName = flixter;
			productReference = BEBFD73123D7A12E00783002 /* flixter.app */;
			productType = "com.apple.product-type.application";
		};
		BEBFD74623D7A13100783002 /* flixterTests */ = {
			isa = PBXNativeTarget;
			buildConfigurationList = BEBFD75E23D7A13100783002 /* Build configuration list for PBXNativeTarget "flixterTests" */;
			buildPhases = (
				F3E7BCC86DA929979A3F55B1 /* [CP] Check Pods Manifest.lock */,
				BEBFD74323D7A13100783002 /* Sources */,
				BEBFD74423D7A13100783002 /* Frameworks */,
				BEBFD74523D7A13100783002 /* Resources */,
			);
			buildRules = (
			);
			dependencies = (
				BEBFD74923D7A13100783002 /* PBXTargetDependency */,
			);
			name = flixterTests;
			productName = flixterTests;
			productReference = BEBFD74723D7A13100783002 /* flixterTests.xctest */;
			productType = "com.apple.product-type.bundle.unit-test";
		};
		BEBFD75123D7A13100783002 /* flixterUITests */ = {
			isa = PBXNativeTarget;
			buildConfigurationList = BEBFD76123D7A13100783002 /* Build configuration list for PBXNativeTarget "flixterUITests" */;
			buildPhases = (
				C309C3CC4B046E9680B79FC1 /* [CP] Check Pods Manifest.lock */,
				BEBFD74E23D7A13100783002 /* Sources */,
				BEBFD74F23D7A13100783002 /* Frameworks */,
				BEBFD75023D7A13100783002 /* Resources */,
				69EC9BA729CFB043AFC94501 /* [CP] Embed Pods Frameworks */,
			);
			buildRules = (
			);
			dependencies = (
				BEBFD75423D7A13100783002 /* PBXTargetDependency */,
			);
			name = flixterUITests;
			productName = flixterUITests;
			productReference = BEBFD75223D7A13100783002 /* flixterUITests.xctest */;
			productType = "com.apple.product-type.bundle.ui-testing";
		};
/* End PBXNativeTarget section */

/* Begin PBXProject section */
		BEBFD72923D7A12E00783002 /* Project object */ = {
			isa = PBXProject;
			attributes = {
				LastSwiftUpdateCheck = 1110;
				LastUpgradeCheck = 1110;
				ORGANIZATIONNAME = "Asim Williams";
				TargetAttributes = {
					BEBFD73023D7A12E00783002 = {
						CreatedOnToolsVersion = 11.1;
					};
					BEBFD74623D7A13100783002 = {
						CreatedOnToolsVersion = 11.1;
						TestTargetID = BEBFD73023D7A12E00783002;
					};
					BEBFD75123D7A13100783002 = {
						CreatedOnToolsVersion = 11.1;
						TestTargetID = BEBFD73023D7A12E00783002;
					};
				};
			};
			buildConfigurationList = BEBFD72C23D7A12E00783002 /* Build configuration list for PBXProject "flixter" */;
			compatibilityVersion = "Xcode 9.3";
			developmentRegion = en;
			hasScannedForEncodings = 0;
			knownRegions = (
				en,
				Base,
			);
			mainGroup = BEBFD72823D7A12E00783002;
			productRefGroup = BEBFD73223D7A12E00783002 /* Products */;
			projectDirPath = "";
			projectRoot = "";
			targets = (
				BEBFD73023D7A12E00783002 /* flixter */,
				BEBFD74623D7A13100783002 /* flixterTests */,
				BEBFD75123D7A13100783002 /* flixterUITests */,
			);
		};
/* End PBXProject section */

/* Begin PBXResourcesBuildPhase section */
		BEBFD72F23D7A12E00783002 /* Resources */ = {
			isa = PBXResourcesBuildPhase;
			buildActionMask = 2147483647;
			files = (
				BEBFD74123D7A13100783002 /* LaunchScreen.storyboard in Resources */,
				BEBFD73E23D7A13100783002 /* Assets.xcassets in Resources */,
				BEBFD73C23D7A12E00783002 /* Main.storyboard in Resources */,
			);
			runOnlyForDeploymentPostprocessing = 0;
		};
		BEBFD74523D7A13100783002 /* Resources */ = {
			isa = PBXResourcesBuildPhase;
			buildActionMask = 2147483647;
			files = (
			);
			runOnlyForDeploymentPostprocessing = 0;
		};
		BEBFD75023D7A13100783002 /* Resources */ = {
			isa = PBXResourcesBuildPhase;
			buildActionMask = 2147483647;
			files = (
			);
			runOnlyForDeploymentPostprocessing = 0;
		};
/* End PBXResourcesBuildPhase section */

/* Begin PBXShellScriptBuildPhase section */
		69EC9BA729CFB043AFC94501 /* [CP] Embed Pods Frameworks */ = {
			isa = PBXShellScriptBuildPhase;
			buildActionMask = 2147483647;
			files = (
			);
			inputFileListPaths = (
				"${PODS_ROOT}/Target Support Files/Pods-flixter-flixterUITests/Pods-flixter-flixterUITests-frameworks-${CONFIGURATION}-input-files.xcfilelist",
			);
			name = "[CP] Embed Pods Frameworks";
			outputFileListPaths = (
				"${PODS_ROOT}/Target Support Files/Pods-flixter-flixterUITests/Pods-flixter-flixterUITests-frameworks-${CONFIGURATION}-output-files.xcfilelist",
			);
			runOnlyForDeploymentPostprocessing = 0;
			shellPath = /bin/sh;
			shellScript = "\"${PODS_ROOT}/Target Support Files/Pods-flixter-flixterUITests/Pods-flixter-flixterUITests-frameworks.sh\"\n";
			showEnvVarsInLog = 0;
		};
		6AC71AA16347D4E51B1AEEAC /* [CP] Check Pods Manifest.lock */ = {
			isa = PBXShellScriptBuildPhase;
			buildActionMask = 2147483647;
			files = (
			);
			inputFileListPaths = (
			);
			inputPaths = (
				"${PODS_PODFILE_DIR_PATH}/Podfile.lock",
				"${PODS_ROOT}/Manifest.lock",
			);
			name = "[CP] Check Pods Manifest.lock";
			outputFileListPaths = (
			);
			outputPaths = (
				"$(DERIVED_FILE_DIR)/Pods-flixter-checkManifestLockResult.txt",
			);
			runOnlyForDeploymentPostprocessing = 0;
			shellPath = /bin/sh;
			shellScript = "diff \"${PODS_PODFILE_DIR_PATH}/Podfile.lock\" \"${PODS_ROOT}/Manifest.lock\" > /dev/null\nif [ $? != 0 ] ; then\n    # print error to STDERR\n    echo \"error: The sandbox is not in sync with the Podfile.lock. Run 'pod install' or update your CocoaPods installation.\" >&2\n    exit 1\nfi\n# This output is used by Xcode 'outputs' to avoid re-running this script phase.\necho \"SUCCESS\" > \"${SCRIPT_OUTPUT_FILE_0}\"\n";
			showEnvVarsInLog = 0;
		};
		C309C3CC4B046E9680B79FC1 /* [CP] Check Pods Manifest.lock */ = {
			isa = PBXShellScriptBuildPhase;
			buildActionMask = 2147483647;
			files = (
			);
			inputFileListPaths = (
			);
			inputPaths = (
				"${PODS_PODFILE_DIR_PATH}/Podfile.lock",
				"${PODS_ROOT}/Manifest.lock",
			);
			name = "[CP] Check Pods Manifest.lock";
			outputFileListPaths = (
			);
			outputPaths = (
				"$(DERIVED_FILE_DIR)/Pods-flixter-flixterUITests-checkManifestLockResult.txt",
			);
			runOnlyForDeploymentPostprocessing = 0;
			shellPath = /bin/sh;
			shellScript = "diff \"${PODS_PODFILE_DIR_PATH}/Podfile.lock\" \"${PODS_ROOT}/Manifest.lock\" > /dev/null\nif [ $? != 0 ] ; then\n    # print error to STDERR\n    echo \"error: The sandbox is not in sync with the Podfile.lock. Run 'pod install' or update your CocoaPods installation.\" >&2\n    exit 1\nfi\n# This output is used by Xcode 'outputs' to avoid re-running this script phase.\necho \"SUCCESS\" > \"${SCRIPT_OUTPUT_FILE_0}\"\n";
			showEnvVarsInLog = 0;
		};
		DF2A9AC4C7CB6ABAD633FADE /* [CP] Embed Pods Frameworks */ = {
			isa = PBXShellScriptBuildPhase;
			buildActionMask = 2147483647;
			files = (
			);
			inputFileListPaths = (
				"${PODS_ROOT}/Target Support Files/Pods-flixter/Pods-flixter-frameworks-${CONFIGURATION}-input-files.xcfilelist",
			);
			name = "[CP] Embed Pods Frameworks";
			outputFileListPaths = (
				"${PODS_ROOT}/Target Support Files/Pods-flixter/Pods-flixter-frameworks-${CONFIGURATION}-output-files.xcfilelist",
			);
			runOnlyForDeploymentPostprocessing = 0;
			shellPath = /bin/sh;
			shellScript = "\"${PODS_ROOT}/Target Support Files/Pods-flixter/Pods-flixter-frameworks.sh\"\n";
			showEnvVarsInLog = 0;
		};
		F3E7BCC86DA929979A3F55B1 /* [CP] Check Pods Manifest.lock */ = {
			isa = PBXShellScriptBuildPhase;
			buildActionMask = 2147483647;
			files = (
			);
			inputFileListPaths = (
			);
			inputPaths = (
				"${PODS_PODFILE_DIR_PATH}/Podfile.lock",
				"${PODS_ROOT}/Manifest.lock",
			);
			name = "[CP] Check Pods Manifest.lock";
			outputFileListPaths = (
			);
			outputPaths = (
				"$(DERIVED_FILE_DIR)/Pods-flixterTests-checkManifestLockResult.txt",
			);
			runOnlyForDeploymentPostprocessing = 0;
			shellPath = /bin/sh;
			shellScript = "diff \"${PODS_PODFILE_DIR_PATH}/Podfile.lock\" \"${PODS_ROOT}/Manifest.lock\" > /dev/null\nif [ $? != 0 ] ; then\n    # print error to STDERR\n    echo \"error: The sandbox is not in sync with the Podfile.lock. Run 'pod install' or update your CocoaPods installation.\" >&2\n    exit 1\nfi\n# This output is used by Xcode 'outputs' to avoid re-running this script phase.\necho \"SUCCESS\" > \"${SCRIPT_OUTPUT_FILE_0}\"\n";
			showEnvVarsInLog = 0;
		};
/* End PBXShellScriptBuildPhase section */

/* Begin PBXSourcesBuildPhase section */
		BEBFD72D23D7A12E00783002 /* Sources */ = {
			isa = PBXSourcesBuildPhase;
			buildActionMask = 2147483647;
			files = (
				BEBFD73523D7A12E00783002 /* AppDelegate.swift in Sources */,
				BE85020623DFE960006319E3 /* MoviesViewController.swift in Sources */,
				BEBFD73723D7A12E00783002 /* SceneDelegate.swift in Sources */,
				BE8E5F3423E0DD8F00EBE76A /* MovieCellTwo.swift in Sources */,
				BEA167E623DF8FD40093E817 /* MovieCell.swift in Sources */,
			);
			runOnlyForDeploymentPostprocessing = 0;
		};
		BEBFD74323D7A13100783002 /* Sources */ = {
			isa = PBXSourcesBuildPhase;
			buildActionMask = 2147483647;
			files = (
				BEBFD74C23D7A13100783002 /* flixterTests.swift in Sources */,
			);
			runOnlyForDeploymentPostprocessing = 0;
		};
		BEBFD74E23D7A13100783002 /* Sources */ = {
			isa = PBXSourcesBuildPhase;
			buildActionMask = 2147483647;
			files = (
				BEBFD75723D7A13100783002 /* flixterUITests.swift in Sources */,
			);
			runOnlyForDeploymentPostprocessing = 0;
		};
/* End PBXSourcesBuildPhase section */

/* Begin PBXTargetDependency section */
		BEBFD74923D7A13100783002 /* PBXTargetDependency */ = {
			isa = PBXTargetDependency;
			target = BEBFD73023D7A12E00783002 /* flixter */;
			targetProxy = BEBFD74823D7A13100783002 /* PBXContainerItemProxy */;
		};
		BEBFD75423D7A13100783002 /* PBXTargetDependency */ = {
			isa = PBXTargetDependency;
			target = BEBFD73023D7A12E00783002 /* flixter */;
			targetProxy = BEBFD75323D7A13100783002 /* PBXContainerItemProxy */;
		};
/* End PBXTargetDependency section */

/* Begin PBXVariantGroup section */
		BEBFD73A23D7A12E00783002 /* Main.storyboard */ = {
			isa = PBXVariantGroup;
			children = (
				BEBFD73B23D7A12E00783002 /* Base */,
			);
			name = Main.storyboard;
			path = /Users/asimwilliams/Desktop/DEV/MAD/Flixter/flixter/flixter;
			sourceTree = "<absolute>";
		};
		BEBFD73F23D7A13100783002 /* LaunchScreen.storyboard */ = {
			isa = PBXVariantGroup;
			children = (
				BEBFD74023D7A13100783002 /* Base */,
			);
			name = LaunchScreen.storyboard;
			sourceTree = "<group>";
		};
/* End PBXVariantGroup section */

/* Begin XCBuildConfiguration section */
		BEBFD75923D7A13100783002 /* Debug */ = {
			isa = XCBuildConfiguration;
			buildSettings = {
				ALWAYS_SEARCH_USER_PATHS = NO;
				CLANG_ANALYZER_NONNULL = YES;
				CLANG_ANALYZER_NUMBER_OBJECT_CONVERSION = YES_AGGRESSIVE;
				CLANG_CXX_LANGUAGE_STANDARD = "gnu++14";
				CLANG_CXX_LIBRARY = "libc++";
				CLANG_ENABLE_MODULES = YES;
				CLANG_ENABLE_OBJC_ARC = YES;
				CLANG_ENABLE_OBJC_WEAK = YES;
				CLANG_WARN_BLOCK_CAPTURE_AUTORELEASING = YES;
				CLANG_WARN_BOOL_CONVERSION = YES;
				CLANG_WARN_COMMA = YES;
				CLANG_WARN_CONSTANT_CONVERSION = YES;
				CLANG_WARN_DEPRECATED_OBJC_IMPLEMENTATIONS = YES;
				CLANG_WARN_DIRECT_OBJC_ISA_USAGE = YES_ERROR;
				CLANG_WARN_DOCUMENTATION_COMMENTS = YES;
				CLANG_WARN_EMPTY_BODY = YES;
				CLANG_WARN_ENUM_CONVERSION = YES;
				CLANG_WARN_INFINITE_RECURSION = YES;
				CLANG_WARN_INT_CONVERSION = YES;
				CLANG_WARN_NON_LITERAL_NULL_CONVERSION = YES;
				CLANG_WARN_OBJC_IMPLICIT_RETAIN_SELF = YES;
				CLANG_WARN_OBJC_LITERAL_CONVERSION = YES;
				CLANG_WARN_OBJC_ROOT_CLASS = YES_ERROR;
				CLANG_WARN_RANGE_LOOP_ANALYSIS = YES;
				CLANG_WARN_STRICT_PROTOTYPES = YES;
				CLANG_WARN_SUSPICIOUS_MOVE = YES;
				CLANG_WARN_UNGUARDED_AVAILABILITY = YES_AGGRESSIVE;
				CLANG_WARN_UNREACHABLE_CODE = YES;
				CLANG_WARN__DUPLICATE_METHOD_MATCH = YES;
				COPY_PHASE_STRIP = NO;
				DEBUG_INFORMATION_FORMAT = dwarf;
				ENABLE_STRICT_OBJC_MSGSEND = YES;
				ENABLE_TESTABILITY = YES;
				GCC_C_LANGUAGE_STANDARD = gnu11;
				GCC_DYNAMIC_NO_PIC = NO;
				GCC_NO_COMMON_BLOCKS = YES;
				GCC_OPTIMIZATION_LEVEL = 0;
				GCC_PREPROCESSOR_DEFINITIONS = (
					"DEBUG=1",
					"$(inherited)",
				);
				GCC_WARN_64_TO_32_BIT_CONVERSION = YES;
				GCC_WARN_ABOUT_RETURN_TYPE = YES_ERROR;
				GCC_WARN_UNDECLARED_SELECTOR = YES;
				GCC_WARN_UNINITIALIZED_AUTOS = YES_AGGRESSIVE;
				GCC_WARN_UNUSED_FUNCTION = YES;
				GCC_WARN_UNUSED_VARIABLE = YES;
				IPHONEOS_DEPLOYMENT_TARGET = 13.1;
				MTL_ENABLE_DEBUG_INFO = INCLUDE_SOURCE;
				MTL_FAST_MATH = YES;
				ONLY_ACTIVE_ARCH = YES;
				SDKROOT = iphoneos;
				SWIFT_ACTIVE_COMPILATION_CONDITIONS = DEBUG;
				SWIFT_OPTIMIZATION_LEVEL = "-Onone";
			};
			name = Debug;
		};
		BEBFD75A23D7A13100783002 /* Release */ = {
			isa = XCBuildConfiguration;
			buildSettings = {
				ALWAYS_SEARCH_USER_PATHS = NO;
				CLANG_ANALYZER_NONNULL = YES;
				CLANG_ANALYZER_NUMBER_OBJECT_CONVERSION = YES_AGGRESSIVE;
				CLANG_CXX_LANGUAGE_STANDARD = "gnu++14";
				CLANG_CXX_LIBRARY = "libc++";
				CLANG_ENABLE_MODULES = YES;
				CLANG_ENABLE_OBJC_ARC = YES;
				CLANG_ENABLE_OBJC_WEAK = YES;
				CLANG_WARN_BLOCK_CAPTURE_AUTORELEASING = YES;
				CLANG_WARN_BOOL_CONVERSION = YES;
				CLANG_WARN_COMMA = YES;
				CLANG_WARN_CONSTANT_CONVERSION = YES;
				CLANG_WARN_DEPRECATED_OBJC_IMPLEMENTATIONS = YES;
				CLANG_WARN_DIRECT_OBJC_ISA_USAGE = YES_ERROR;
				CLANG_WARN_DOCUMENTATION_COMMENTS = YES;
				CLANG_WARN_EMPTY_BODY = YES;
				CLANG_WARN_ENUM_CONVERSION = YES;
				CLANG_WARN_INFINITE_RECURSION = YES;
				CLANG_WARN_INT_CONVERSION = YES;
				CLANG_WARN_NON_LITERAL_NULL_CONVERSION = YES;
				CLANG_WARN_OBJC_IMPLICIT_RETAIN_SELF = YES;
				CLANG_WARN_OBJC_LITERAL_CONVERSION = YES;
				CLANG_WARN_OBJC_ROOT_CLASS = YES_ERROR;
				CLANG_WARN_RANGE_LOOP_ANALYSIS = YES;
				CLANG_WARN_STRICT_PROTOTYPES = YES;
				CLANG_WARN_SUSPICIOUS_MOVE = YES;
				CLANG_WARN_UNGUARDED_AVAILABILITY = YES_AGGRESSIVE;
				CLANG_WARN_UNREACHABLE_CODE = YES;
				CLANG_WARN__DUPLICATE_METHOD_MATCH = YES;
				COPY_PHASE_STRIP = NO;
				DEBUG_INFORMATION_FORMAT = "dwarf-with-dsym";
				ENABLE_NS_ASSERTIONS = NO;
				ENABLE_STRICT_OBJC_MSGSEND = YES;
				GCC_C_LANGUAGE_STANDARD = gnu11;
				GCC_NO_COMMON_BLOCKS = YES;
				GCC_WARN_64_TO_32_BIT_CONVERSION = YES;
				GCC_WARN_ABOUT_RETURN_TYPE = YES_ERROR;
				GCC_WARN_UNDECLARED_SELECTOR = YES;
				GCC_WARN_UNINITIALIZED_AUTOS = YES_AGGRESSIVE;
				GCC_WARN_UNUSED_FUNCTION = YES;
				GCC_WARN_UNUSED_VARIABLE = YES;
				IPHONEOS_DEPLOYMENT_TARGET = 13.1;
				MTL_ENABLE_DEBUG_INFO = NO;
				MTL_FAST_MATH = YES;
				SDKROOT = iphoneos;
				SWIFT_COMPILATION_MODE = wholemodule;
				SWIFT_OPTIMIZATION_LEVEL = "-O";
				VALIDATE_PRODUCT = YES;
			};
			name = Release;
		};
		BEBFD75C23D7A13100783002 /* Debug */ = {
			isa = XCBuildConfiguration;
			baseConfigurationReference = A72A885D585A3208CFF80DA9 /* Pods-flixter.debug.xcconfig */;
			buildSettings = {
				ASSETCATALOG_COMPILER_APPICON_NAME = AppIcon;
				CODE_SIGN_STYLE = Automatic;
				INFOPLIST_FILE = flixter/Info.plist;
				LD_RUNPATH_SEARCH_PATHS = (
					"$(inherited)",
					"@executable_path/Frameworks",
				);
				PRODUCT_BUNDLE_IDENTIFIER = com.yourcompany.flixter;
				PRODUCT_NAME = "$(TARGET_NAME)";
				SWIFT_VERSION = 5.0;
				TARGETED_DEVICE_FAMILY = "1,2";
			};
			name = Debug;
		};
		BEBFD75D23D7A13100783002 /* Release */ = {
			isa = XCBuildConfiguration;
			baseConfigurationReference = 3839CB58BFFE4A6BD3301DAE /* Pods-flixter.release.xcconfig */;
			buildSettings = {
				ASSETCATALOG_COMPILER_APPICON_NAME = AppIcon;
				CODE_SIGN_STYLE = Automatic;
				INFOPLIST_FILE = flixter/Info.plist;
				LD_RUNPATH_SEARCH_PATHS = (
					"$(inherited)",
					"@executable_path/Frameworks",
				);
				PRODUCT_BUNDLE_IDENTIFIER = com.yourcompany.flixter;
				PRODUCT_NAME = "$(TARGET_NAME)";
				SWIFT_VERSION = 5.0;
				TARGETED_DEVICE_FAMILY = "1,2";
			};
			name = Release;
		};
		BEBFD75F23D7A13100783002 /* Debug */ = {
			isa = XCBuildConfiguration;
			baseConfigurationReference = 2E61550D398D81568A5C273B /* Pods-flixterTests.debug.xcconfig */;
			buildSettings = {
				ALWAYS_EMBED_SWIFT_STANDARD_LIBRARIES = YES;
				BUNDLE_LOADER = "$(TEST_HOST)";
				CODE_SIGN_STYLE = Automatic;
				INFOPLIST_FILE = flixterTests/Info.plist;
				IPHONEOS_DEPLOYMENT_TARGET = 13.1;
				LD_RUNPATH_SEARCH_PATHS = (
					"$(inherited)",
					"@executable_path/Frameworks",
					"@loader_path/Frameworks",
				);
				PRODUCT_BUNDLE_IDENTIFIER = com.yourcompany.flixterTests;
				PRODUCT_NAME = "$(TARGET_NAME)";
				SWIFT_VERSION = 5.0;
				TARGETED_DEVICE_FAMILY = "1,2";
				TEST_HOST = "$(BUILT_PRODUCTS_DIR)/flixter.app/flixter";
			};
			name = Debug;
		};
		BEBFD76023D7A13100783002 /* Release */ = {
			isa = XCBuildConfiguration;
			baseConfigurationReference = 084AEFC76B8A33BD88221D5D /* Pods-flixterTests.release.xcconfig */;
			buildSettings = {
				ALWAYS_EMBED_SWIFT_STANDARD_LIBRARIES = YES;
				BUNDLE_LOADER = "$(TEST_HOST)";
				CODE_SIGN_STYLE = Automatic;
				INFOPLIST_FILE = flixterTests/Info.plist;
				IPHONEOS_DEPLOYMENT_TARGET = 13.1;
				LD_RUNPATH_SEARCH_PATHS = (
					"$(inherited)",
					"@executable_path/Frameworks",
					"@loader_path/Frameworks",
				);
				PRODUCT_BUNDLE_IDENTIFIER = com.yourcompany.flixterTests;
				PRODUCT_NAME = "$(TARGET_NAME)";
				SWIFT_VERSION = 5.0;
				TARGETED_DEVICE_FAMILY = "1,2";
				TEST_HOST = "$(BUILT_PRODUCTS_DIR)/flixter.app/flixter";
			};
			name = Release;
		};
		BEBFD76223D7A13100783002 /* Debug */ = {
			isa = XCBuildConfiguration;
			baseConfigurationReference = 01BE96AD0726E0CE1CDFA68B /* Pods-flixter-flixterUITests.debug.xcconfig */;
			buildSettings = {
				ALWAYS_EMBED_SWIFT_STANDARD_LIBRARIES = YES;
				CODE_SIGN_STYLE = Automatic;
				INFOPLIST_FILE = flixterUITests/Info.plist;
				LD_RUNPATH_SEARCH_PATHS = (
					"$(inherited)",
					"@executable_path/Frameworks",
					"@loader_path/Frameworks",
				);
				PRODUCT_BUNDLE_IDENTIFIER = com.yourcompany.flixterUITests;
				PRODUCT_NAME = "$(TARGET_NAME)";
				SWIFT_VERSION = 5.0;
				TARGETED_DEVICE_FAMILY = "1,2";
				TEST_TARGET_NAME = flixter;
			};
			name = Debug;
		};
		BEBFD76323D7A13100783002 /* Release */ = {
			isa = XCBuildConfiguration;
			baseConfigurationReference = 3CDBECA35C663555226FFDA4 /* Pods-flixter-flixterUITests.release.xcconfig */;
			buildSettings = {
				ALWAYS_EMBED_SWIFT_STANDARD_LIBRARIES = YES;
				CODE_SIGN_STYLE = Automatic;
				INFOPLIST_FILE = flixterUITests/Info.plist;
				LD_RUNPATH_SEARCH_PATHS = (
					"$(inherited)",
					"@executable_path/Frameworks",
					"@loader_path/Frameworks",
				);
				PRODUCT_BUNDLE_IDENTIFIER = com.yourcompany.flixterUITests;
				PRODUCT_NAME = "$(TARGET_NAME)";
				SWIFT_VERSION = 5.0;
				TARGETED_DEVICE_FAMILY = "1,2";
				TEST_TARGET_NAME = flixter;
			};
			name = Release;
		};
/* End XCBuildConfiguration section */

/* Begin XCConfigurationList section */
		BEBFD72C23D7A12E00783002 /* Build configuration list for PBXProject "flixter" */ = {
			isa = XCConfigurationList;
			buildConfigurations = (
				BEBFD75923D7A13100783002 /* Debug */,
				BEBFD75A23D7A13100783002 /* Release */,
			);
			defaultConfigurationIsVisible = 0;
			defaultConfigurationName = Release;
		};
		BEBFD75B23D7A13100783002 /* Build configuration list for PBXNativeTarget "flixter" */ = {
			isa = XCConfigurationList;
			buildConfigurations = (
				BEBFD75C23D7A13100783002 /* Debug */,
				BEBFD75D23D7A13100783002 /* Release */,
			);
			defaultConfigurationIsVisible = 0;
			defaultConfigurationName = Release;
		};
		BEBFD75E23D7A13100783002 /* Build configuration list for PBXNativeTarget "flixterTests" */ = {
			isa = XCConfigurationList;
			buildConfigurations = (
				BEBFD75F23D7A13100783002 /* Debug */,
				BEBFD76023D7A13100783002 /* Release */,
			);
			defaultConfigurationIsVisible = 0;
			defaultConfigurationName = Release;
		};
		BEBFD76123D7A13100783002 /* Build configuration list for PBXNativeTarget "flixterUITests" */ = {
			isa = XCConfigurationList;
			buildConfigurations = (
				BEBFD76223D7A13100783002 /* Debug */,
				BEBFD76323D7A13100783002 /* Release */,
			);
			defaultConfigurationIsVisible = 0;
			defaultConfigurationName = Release;
		};
/* End XCConfigurationList section */
	};
	rootObject = BEBFD72923D7A12E00783002 /* Project object */;
}
